
Microsoft Visual Studio Solution File, Format Version 12.00
# Visual Studio Version 17
VisualStudioVersion = 17.9.34723.18
MinimumVisualStudioVersion = 10.0.40219.1
Project("{FAE04EC0-301F-11D3-BF4B-00C04F79EFBC}") = "hsm-lab1", "hsm-lab1\hsm-lab1.csproj", "{B6807B26-5FDF-426D-8A47-0AE3DB4504F0}"
EndProject
Global
	GlobalSection(SolutionConfigurationPlatforms) = preSolution
		Debug|Any CPU = Debug|Any CPU
		Release|Any CPU = Release|Any CPU
	EndGlobalSection
	GlobalSection(ProjectConfigurationPlatforms) = postSolution
		{B6807B26-5FDF-426D-8A47-0AE3DB4504F0}.Debug|Any CPU.ActiveCfg = Debug|Any CPU
		{B6807B26-5FDF-426D-8A47-0AE3DB4504F0}.Debug|Any CPU.Build.0 = Debug|Any CPU
		{B6807B26-5FDF-426D-8A47-0AE3DB4504F0}.Release|Any CPU.ActiveCfg = Release|Any CPU
		{B6807B26-5FDF-426D-8A47-0AE3DB4504F0}.Release|Any CPU.Build.0 = Release|Any CPU
	EndGlobalSection
	GlobalSection(SolutionProperties) = preSolution
		HideSolutionNode = FALSE
	EndGlobalSection
	GlobalSection(ExtensibilityGlobals) = postSolution
		SolutionGuid = {C52A4F85-2202-4883-A59F-526E3A86DB4B}
	EndGlobalSection
EndGlobal
